
Microsoft Visual Studio Solution File, Format Version 12.00
# Visual Studio Version 16
VisualStudioVersion = 16.0.31729.503
MinimumVisualStudioVersion = 10.0.40219.1
Project("{FAE04EC0-301F-11D3-BF4B-00C04F79EFBC}") = "MultiPageWebAppClark", "MultiPageWebAppClark\MultiPageWebAppClark.csproj", "{3EC08C86-5548-4FDF-A8F0-6C440BF2F7FD}"
EndProject
Global
	GlobalSection(SolutionConfigurationPlatforms) = preSolution
		Debug|Any CPU = Debug|Any CPU
		Release|Any CPU = Release|Any CPU
	EndGlobalSection
	GlobalSection(ProjectConfigurationPlatforms) = postSolution
		{3EC08C86-5548-4FDF-A8F0-6C440BF2F7FD}.Debug|Any CPU.ActiveCfg = Debug|Any CPU
		{3EC08C86-5548-4FDF-A8F0-6C440BF2F7FD}.Debug|Any CPU.Build.0 = Debug|Any CPU
		{3EC08C86-5548-4FDF-A8F0-6C440BF2F7FD}.Release|Any CPU.ActiveCfg = Release|Any CPU
		{3EC08C86-5548-4FDF-A8F0-6C440BF2F7FD}.Release|Any CPU.Build.0 = Release|Any CPU
	EndGlobalSection
	GlobalSection(SolutionProperties) = preSolution
		HideSolutionNode = FALSE
	EndGlobalSection
	GlobalSection(ExtensibilityGlobals) = postSolution
		SolutionGuid = {682ED157-7CC4-4013-9502-BC548D12F73D}
	EndGlobalSection
EndGlobal
